
Microsoft Visual Studio Solution File, Format Version 12.00
# Visual Studio 15
VisualStudioVersion = 15.0.28307.136
MinimumVisualStudioVersion = 10.0.40219.1
Project("{FAE04EC0-301F-11D3-BF4B-00C04F79EFBC}") = "fn13-exercicio5.6", "fn13-exercicio5.6\fn13-exercicio5.6.csproj", "{420811F6-8B57-4473-9B20-62ED9B8A1F3F}"
EndProject
Global
	GlobalSection(SolutionConfigurationPlatforms) = preSolution
		Debug|Any CPU = Debug|Any CPU
		Release|Any CPU = Release|Any CPU
	EndGlobalSection
	GlobalSection(ProjectConfigurationPlatforms) = postSolution
		{420811F6-8B57-4473-9B20-62ED9B8A1F3F}.Debug|Any CPU.ActiveCfg = Debug|Any CPU
		{420811F6-8B57-4473-9B20-62ED9B8A1F3F}.Debug|Any CPU.Build.0 = Debug|Any CPU
		{420811F6-8B57-4473-9B20-62ED9B8A1F3F}.Release|Any CPU.ActiveCfg = Release|Any CPU
		{420811F6-8B57-4473-9B20-62ED9B8A1F3F}.Release|Any CPU.Build.0 = Release|Any CPU
	EndGlobalSection
	GlobalSection(SolutionProperties) = preSolution
		HideSolutionNode = FALSE
	EndGlobalSection
	GlobalSection(ExtensibilityGlobals) = postSolution
		SolutionGuid = {98F236DE-82E0-43BE-BAB3-09DC7B236083}
	EndGlobalSection
EndGlobal
