
Microsoft Visual Studio Solution File, Format Version 12.00
# Visual Studio 15
VisualStudioVersion = 15.0.28307.136
MinimumVisualStudioVersion = 10.0.40219.1
Project("{FAE04EC0-301F-11D3-BF4B-00C04F79EFBC}") = "fn13-exercicio4", "fn13-exercicio4\fn13-exercicio4.csproj", "{DC6F76E9-26EF-4227-BA54-A0E74AAFEF79}"
EndProject
Global
	GlobalSection(SolutionConfigurationPlatforms) = preSolution
		Debug|Any CPU = Debug|Any CPU
		Release|Any CPU = Release|Any CPU
	EndGlobalSection
	GlobalSection(ProjectConfigurationPlatforms) = postSolution
		{DC6F76E9-26EF-4227-BA54-A0E74AAFEF79}.Debug|Any CPU.ActiveCfg = Debug|Any CPU
		{DC6F76E9-26EF-4227-BA54-A0E74AAFEF79}.Debug|Any CPU.Build.0 = Debug|Any CPU
		{DC6F76E9-26EF-4227-BA54-A0E74AAFEF79}.Release|Any CPU.ActiveCfg = Release|Any CPU
		{DC6F76E9-26EF-4227-BA54-A0E74AAFEF79}.Release|Any CPU.Build.0 = Release|Any CPU
	EndGlobalSection
	GlobalSection(SolutionProperties) = preSolution
		HideSolutionNode = FALSE
	EndGlobalSection
	GlobalSection(ExtensibilityGlobals) = postSolution
		SolutionGuid = {8526CD0C-7832-47F8-A055-F11560ACAFF9}
	EndGlobalSection
EndGlobal
