
Microsoft Visual Studio Solution File, Format Version 12.00
# Visual Studio 15
VisualStudioVersion = 15.0.28307.168
MinimumVisualStudioVersion = 10.0.40219.1
Project("{FAE04EC0-301F-11D3-BF4B-00C04F79EFBC}") = "fn13-exercicio10.1", "fn13-exercicio10.1\fn13-exercicio10.1.csproj", "{8D55BA66-C9CF-4EE6-AF90-61F1F3BABF0B}"
EndProject
Global
	GlobalSection(SolutionConfigurationPlatforms) = preSolution
		Debug|Any CPU = Debug|Any CPU
		Release|Any CPU = Release|Any CPU
	EndGlobalSection
	GlobalSection(ProjectConfigurationPlatforms) = postSolution
		{8D55BA66-C9CF-4EE6-AF90-61F1F3BABF0B}.Debug|Any CPU.ActiveCfg = Debug|Any CPU
		{8D55BA66-C9CF-4EE6-AF90-61F1F3BABF0B}.Debug|Any CPU.Build.0 = Debug|Any CPU
		{8D55BA66-C9CF-4EE6-AF90-61F1F3BABF0B}.Release|Any CPU.ActiveCfg = Release|Any CPU
		{8D55BA66-C9CF-4EE6-AF90-61F1F3BABF0B}.Release|Any CPU.Build.0 = Release|Any CPU
	EndGlobalSection
	GlobalSection(SolutionProperties) = preSolution
		HideSolutionNode = FALSE
	EndGlobalSection
	GlobalSection(ExtensibilityGlobals) = postSolution
		SolutionGuid = {EBB08DF4-7EC8-48E2-8A3C-D9B5DE0A9403}
	EndGlobalSection
EndGlobal
