
Microsoft Visual Studio Solution File, Format Version 12.00
# Visual Studio 15
VisualStudioVersion = 15.0.28307.136
MinimumVisualStudioVersion = 10.0.40219.1
Project("{FAE04EC0-301F-11D3-BF4B-00C04F79EFBC}") = "fn13-execicio5.2", "fn13-execicio5.2\fn13-execicio5.2.csproj", "{EFCB9857-590B-4F9A-829B-75164FC9E2DC}"
EndProject
Global
	GlobalSection(SolutionConfigurationPlatforms) = preSolution
		Debug|Any CPU = Debug|Any CPU
		Release|Any CPU = Release|Any CPU
	EndGlobalSection
	GlobalSection(ProjectConfigurationPlatforms) = postSolution
		{EFCB9857-590B-4F9A-829B-75164FC9E2DC}.Debug|Any CPU.ActiveCfg = Debug|Any CPU
		{EFCB9857-590B-4F9A-829B-75164FC9E2DC}.Debug|Any CPU.Build.0 = Debug|Any CPU
		{EFCB9857-590B-4F9A-829B-75164FC9E2DC}.Release|Any CPU.ActiveCfg = Release|Any CPU
		{EFCB9857-590B-4F9A-829B-75164FC9E2DC}.Release|Any CPU.Build.0 = Release|Any CPU
	EndGlobalSection
	GlobalSection(SolutionProperties) = preSolution
		HideSolutionNode = FALSE
	EndGlobalSection
	GlobalSection(ExtensibilityGlobals) = postSolution
		SolutionGuid = {C5098F3B-4A6C-4ED9-BBD5-FF5AAE689B12}
	EndGlobalSection
EndGlobal
