
Microsoft Visual Studio Solution File, Format Version 12.00
# Visual Studio 15
VisualStudioVersion = 15.0.28307.136
MinimumVisualStudioVersion = 10.0.40219.1
Project("{FAE04EC0-301F-11D3-BF4B-00C04F79EFBC}") = "fn13-exercicio6.2", "fn13-exercicio6.2\fn13-exercicio6.2.csproj", "{E6AB5378-CA18-46CC-BBED-E2113611B7D9}"
EndProject
Global
	GlobalSection(SolutionConfigurationPlatforms) = preSolution
		Debug|Any CPU = Debug|Any CPU
		Release|Any CPU = Release|Any CPU
	EndGlobalSection
	GlobalSection(ProjectConfigurationPlatforms) = postSolution
		{E6AB5378-CA18-46CC-BBED-E2113611B7D9}.Debug|Any CPU.ActiveCfg = Debug|Any CPU
		{E6AB5378-CA18-46CC-BBED-E2113611B7D9}.Debug|Any CPU.Build.0 = Debug|Any CPU
		{E6AB5378-CA18-46CC-BBED-E2113611B7D9}.Release|Any CPU.ActiveCfg = Release|Any CPU
		{E6AB5378-CA18-46CC-BBED-E2113611B7D9}.Release|Any CPU.Build.0 = Release|Any CPU
	EndGlobalSection
	GlobalSection(SolutionProperties) = preSolution
		HideSolutionNode = FALSE
	EndGlobalSection
	GlobalSection(ExtensibilityGlobals) = postSolution
		SolutionGuid = {CAB9043E-9E5E-412F-BC12-9A5772281253}
	EndGlobalSection
EndGlobal
