
Microsoft Visual Studio Solution File, Format Version 12.00
# Visual Studio 15
VisualStudioVersion = 15.0.28307.136
MinimumVisualStudioVersion = 10.0.40219.1
Project("{FAE04EC0-301F-11D3-BF4B-00C04F79EFBC}") = "fn13-exercicio4.5", "fn13-exercicio4.5\fn13-exercicio4.5.csproj", "{9C9E7708-CB5A-4902-ACD4-2ABED2346339}"
EndProject
Global
	GlobalSection(SolutionConfigurationPlatforms) = preSolution
		Debug|Any CPU = Debug|Any CPU
		Release|Any CPU = Release|Any CPU
	EndGlobalSection
	GlobalSection(ProjectConfigurationPlatforms) = postSolution
		{9C9E7708-CB5A-4902-ACD4-2ABED2346339}.Debug|Any CPU.ActiveCfg = Debug|Any CPU
		{9C9E7708-CB5A-4902-ACD4-2ABED2346339}.Debug|Any CPU.Build.0 = Debug|Any CPU
		{9C9E7708-CB5A-4902-ACD4-2ABED2346339}.Release|Any CPU.ActiveCfg = Release|Any CPU
		{9C9E7708-CB5A-4902-ACD4-2ABED2346339}.Release|Any CPU.Build.0 = Release|Any CPU
	EndGlobalSection
	GlobalSection(SolutionProperties) = preSolution
		HideSolutionNode = FALSE
	EndGlobalSection
	GlobalSection(ExtensibilityGlobals) = postSolution
		SolutionGuid = {5D212C4F-F9FF-4A57-A271-2CE52342BA4C}
	EndGlobalSection
EndGlobal
