
Microsoft Visual Studio Solution File, Format Version 12.00
# Visual Studio 15
VisualStudioVersion = 15.0.28307.168
MinimumVisualStudioVersion = 10.0.40219.1
Project("{FAE04EC0-301F-11D3-BF4B-00C04F79EFBC}") = "fn13-exercicio12.2", "fn13-exercicio12.2\fn13-exercicio12.2.csproj", "{D3D98CD5-DA4E-4FE7-99AA-527139038198}"
EndProject
Global
	GlobalSection(SolutionConfigurationPlatforms) = preSolution
		Debug|Any CPU = Debug|Any CPU
		Release|Any CPU = Release|Any CPU
	EndGlobalSection
	GlobalSection(ProjectConfigurationPlatforms) = postSolution
		{D3D98CD5-DA4E-4FE7-99AA-527139038198}.Debug|Any CPU.ActiveCfg = Debug|Any CPU
		{D3D98CD5-DA4E-4FE7-99AA-527139038198}.Debug|Any CPU.Build.0 = Debug|Any CPU
		{D3D98CD5-DA4E-4FE7-99AA-527139038198}.Release|Any CPU.ActiveCfg = Release|Any CPU
		{D3D98CD5-DA4E-4FE7-99AA-527139038198}.Release|Any CPU.Build.0 = Release|Any CPU
	EndGlobalSection
	GlobalSection(SolutionProperties) = preSolution
		HideSolutionNode = FALSE
	EndGlobalSection
	GlobalSection(ExtensibilityGlobals) = postSolution
		SolutionGuid = {B19F9EC9-A7E4-4409-BDC9-7B8B5EE04378}
	EndGlobalSection
EndGlobal
