
Microsoft Visual Studio Solution File, Format Version 12.00
# Visual Studio 15
VisualStudioVersion = 15.0.28307.168
MinimumVisualStudioVersion = 10.0.40219.1
Project("{FAE04EC0-301F-11D3-BF4B-00C04F79EFBC}") = "fn13-exercicio14.2", "fn13-exercicio14.2\fn13-exercicio14.2.csproj", "{17127A9A-B7C6-43BD-94D6-821C37DD1946}"
EndProject
Global
	GlobalSection(SolutionConfigurationPlatforms) = preSolution
		Debug|Any CPU = Debug|Any CPU
		Release|Any CPU = Release|Any CPU
	EndGlobalSection
	GlobalSection(ProjectConfigurationPlatforms) = postSolution
		{17127A9A-B7C6-43BD-94D6-821C37DD1946}.Debug|Any CPU.ActiveCfg = Debug|Any CPU
		{17127A9A-B7C6-43BD-94D6-821C37DD1946}.Debug|Any CPU.Build.0 = Debug|Any CPU
		{17127A9A-B7C6-43BD-94D6-821C37DD1946}.Release|Any CPU.ActiveCfg = Release|Any CPU
		{17127A9A-B7C6-43BD-94D6-821C37DD1946}.Release|Any CPU.Build.0 = Release|Any CPU
	EndGlobalSection
	GlobalSection(SolutionProperties) = preSolution
		HideSolutionNode = FALSE
	EndGlobalSection
	GlobalSection(ExtensibilityGlobals) = postSolution
		SolutionGuid = {173B38F1-4232-46D2-9637-0C77C68685F6}
	EndGlobalSection
EndGlobal
